// !$*UTF8*$!
{
	archiveVersion = 1;
	classes = {
	};
	objectVersion = 46;
	objects = {

/* Begin PBXBuildFile section */
		B50B247118EC535D006FC005 /* Model.xcdatamodeld in Sources */ = {isa = PBXBuildFile; fileRef = B50B246F18EC535D006FC005 /* Model.xcdatamodeld */; };
		B50B247A18EC5A51006FC005 /* CoreData.framework in Frameworks */ = {isa = PBXBuildFile; fileRef = B50B247918EC5A51006FC005 /* CoreData.framework */; };
		B50B247E18EC5CE1006FC005 /* Score.m in Sources */ = {isa = PBXBuildFile; fileRef = B50B247D18EC5CE1006FC005 /* Score.m */; };
		B50B248118ED9CE8006FC005 /* TapOffViewController.m in Sources */ = {isa = PBXBuildFile; fileRef = B50B248018ED9CE8006FC005 /* TapOffViewController.m */; };
		B50B248318EDE748006FC005 /* icon120x120.png in Resources */ = {isa = PBXBuildFile; fileRef = B50B248218EDE748006FC005 /* icon120x120.png */; };
		B50B248818EDECBD006FC005 /* developerScreen.png in Resources */ = {isa = PBXBuildFile; fileRef = B50B248618EDECBD006FC005 /* developerScreen.png */; };
		B50B248C18EDEEAF006FC005 /* MenuViewController.m in Sources */ = {isa = PBXBuildFile; fileRef = B50B248B18EDEEAF006FC005 /* MenuViewController.m */; };
		B5970EEB18EB41B10096F6A3 /* Foundation.framework in Frameworks */ = {isa = PBXBuildFile; fileRef = B5970EEA18EB41B10096F6A3 /* Foundation.framework */; };
		B5970EED18EB41B10096F6A3 /* CoreGraphics.framework in Frameworks */ = {isa = PBXBuildFile; fileRef = B5970EEC18EB41B10096F6A3 /* CoreGraphics.framework */; };
		B5970EEF18EB41B10096F6A3 /* UIKit.framework in Frameworks */ = {isa = PBXBuildFile; fileRef = B5970EEE18EB41B10096F6A3 /* UIKit.framework */; };
		B5970EF518EB41B10096F6A3 /* InfoPlist.strings in Resources */ = {isa = PBXBuildFile; fileRef = B5970EF318EB41B10096F6A3 /* InfoPlist.strings */; };
		B5970EF718EB41B10096F6A3 /* main.m in Sources */ = {isa = PBXBuildFile; fileRef = B5970EF618EB41B10096F6A3 /* main.m */; };
		B5970EFB18EB41B10096F6A3 /* AppDelegate.m in Sources */ = {isa = PBXBuildFile; fileRef = B5970EFA18EB41B10096F6A3 /* AppDelegate.m */; };
		B5970EFE18EB41B10096F6A3 /* Main.storyboard in Resources */ = {isa = PBXBuildFile; fileRef = B5970EFC18EB41B10096F6A3 /* Main.storyboard */; };
		B5970F0118EB41B10096F6A3 /* FastTapperViewController.m in Sources */ = {isa = PBXBuildFile; fileRef = B5970F0018EB41B10096F6A3 /* FastTapperViewController.m */; };
		B5970F0318EB41B10096F6A3 /* Images.xcassets in Resources */ = {isa = PBXBuildFile; fileRef = B5970F0218EB41B10096F6A3 /* Images.xcassets */; };
		B5970F0A18EB41B10096F6A3 /* XCTest.framework in Frameworks */ = {isa = PBXBuildFile; fileRef = B5970F0918EB41B10096F6A3 /* XCTest.framework */; };
		B5970F0B18EB41B10096F6A3 /* Foundation.framework in Frameworks */ = {isa = PBXBuildFile; fileRef = B5970EEA18EB41B10096F6A3 /* Foundation.framework */; };
		B5970F0C18EB41B10096F6A3 /* UIKit.framework in Frameworks */ = {isa = PBXBuildFile; fileRef = B5970EEE18EB41B10096F6A3 /* UIKit.framework */; };
		B5970F1418EB41B10096F6A3 /* InfoPlist.strings in Resources */ = {isa = PBXBuildFile; fileRef = B5970F1218EB41B10096F6A3 /* InfoPlist.strings */; };
		B5970F1618EB41B10096F6A3 /* TapCounterTests.m in Sources */ = {isa = PBXBuildFile; fileRef = B5970F1518EB41B10096F6A3 /* TapCounterTests.m */; };
		B5970F2118EB48C50096F6A3 /* MainViewController.m in Sources */ = {isa = PBXBuildFile; fileRef = B5970F2018EB48C50096F6A3 /* MainViewController.m */; };
		D718130818F88A140043D339 /* settingsBtn.png in Resources */ = {isa = PBXBuildFile; fileRef = D718130718F88A140043D339 /* settingsBtn.png */; };
		D7204176190725C0008F512A /* menuScreen320x480.png in Resources */ = {isa = PBXBuildFile; fileRef = D7204175190725C0008F512A /* menuScreen320x480.png */; };
		D720417D190800C9008F512A /* tapOffScreen320x480.png in Resources */ = {isa = PBXBuildFile; fileRef = D720417C190800C9008F512A /* tapOffScreen320x480.png */; };
		D720418019080FD1008F512A /* developerScreen320x480.png in Resources */ = {isa = PBXBuildFile; fileRef = D720417E19080FD1008F512A /* developerScreen320x480.png */; };
		D720418119080FD1008F512A /* launchScreen320x480.png in Resources */ = {isa = PBXBuildFile; fileRef = D720417F19080FD1008F512A /* launchScreen320x480.png */; };
		D7204187190813E5008F512A /* developerScreen640x960.png in Resources */ = {isa = PBXBuildFile; fileRef = D7204183190813E5008F512A /* developerScreen640x960.png */; };
		D7204188190813E5008F512A /* launchScreen640x960.png in Resources */ = {isa = PBXBuildFile; fileRef = D7204184190813E5008F512A /* launchScreen640x960.png */; };
		D7204189190813E5008F512A /* menuScreen640x960.png in Resources */ = {isa = PBXBuildFile; fileRef = D7204185190813E5008F512A /* menuScreen640x960.png */; };
		D720418A190813E5008F512A /* tapOffScreen640x960.png in Resources */ = {isa = PBXBuildFile; fileRef = D7204186190813E5008F512A /* tapOffScreen640x960.png */; };
		D720419019081936008F512A /* iTapperIcon29.png in Resources */ = {isa = PBXBuildFile; fileRef = D720418B19081936008F512A /* iTapperIcon29.png */; };
		D720419119081936008F512A /* iTapperIcon57.png in Resources */ = {isa = PBXBuildFile; fileRef = D720418C19081936008F512A /* iTapperIcon57.png */; };
		D720419219081936008F512A /* iTapperIcon58.png in Resources */ = {isa = PBXBuildFile; fileRef = D720418D19081936008F512A /* iTapperIcon58.png */; };
		D720419319081936008F512A /* iTapperIcon80.png in Resources */ = {isa = PBXBuildFile; fileRef = D720418E19081936008F512A /* iTapperIcon80.png */; };
		D720419419081936008F512A /* iTapperIcon114.png in Resources */ = {isa = PBXBuildFile; fileRef = D720418F19081936008F512A /* iTapperIcon114.png */; };
		D722705D18F0A93E00BAEF80 /* beep-07.mp3 in Resources */ = {isa = PBXBuildFile; fileRef = D722705C18F0A93E00BAEF80 /* beep-07.mp3 */; };
		D72E11B318F0C6F400B4F1E0 /* LaunchViewController.m in Sources */ = {isa = PBXBuildFile; fileRef = D72E11B218F0C6F400B4F1E0 /* LaunchViewController.m */; };
		D7477569191315C0003D49F5 /* GameKit.framework in Frameworks */ = {isa = PBXBuildFile; fileRef = D7477568191315C0003D49F5 /* GameKit.framework */; };
		D747756D191315F9003D49F5 /* GameKitHelper.m in Sources */ = {isa = PBXBuildFile; fileRef = D747756C191315F9003D49F5 /* GameKitHelper.m */; };
		D76A7DF218F0B64100D35291 /* AVFoundation.framework in Frameworks */ = {isa = PBXBuildFile; fileRef = D76A7DF118F0B64100D35291 /* AVFoundation.framework */; };
		D7859D5A18F49A00005EE4D7 /* startButton.png in Resources */ = {isa = PBXBuildFile; fileRef = D7859D5918F49A00005EE4D7 /* startButton.png */; };
		D7859D5C18F4A152005EE4D7 /* tapButton.png in Resources */ = {isa = PBXBuildFile; fileRef = D7859D5B18F4A152005EE4D7 /* tapButton.png */; };
		D788D37618FDBBF500317938 /* fastTapperScreen.png in Resources */ = {isa = PBXBuildFile; fileRef = D788D37518FDBBF500317938 /* fastTapperScreen.png */; };
		D788D37818FDEED600317938 /* resultsView.png in Resources */ = {isa = PBXBuildFile; fileRef = D788D37718FDEED600317938 /* resultsView.png */; };
		D7904A4F1901661200DE850E /* CurrentUser.m in Sources */ = {isa = PBXBuildFile; fileRef = D7904A4E1901661200DE850E /* CurrentUser.m */; };
		D7904A52190166C800DE850E /* CurrentUserModel.m in Sources */ = {isa = PBXBuildFile; fileRef = D7904A51190166C800DE850E /* CurrentUserModel.m */; };
		D7A262A618F4307E00F12A75 /* fastTapperButton.png in Resources */ = {isa = PBXBuildFile; fileRef = D7A262A118F4307E00F12A75 /* fastTapperButton.png */; };
		D7A262A718F4307E00F12A75 /* launchScreen-568h.png in Resources */ = {isa = PBXBuildFile; fileRef = D7A262A218F4307E00F12A75 /* launchScreen-568h.png */; };
		D7A262A818F4307E00F12A75 /* menuScreen.png in Resources */ = {isa = PBXBuildFile; fileRef = D7A262A318F4307E00F12A75 /* menuScreen.png */; };
		D7A262AA18F4307E00F12A75 /* tapOffButton.png in Resources */ = {isa = PBXBuildFile; fileRef = D7A262A518F4307E00F12A75 /* tapOffButton.png */; };
		D7A262AC18F4326B00F12A75 /* water-droplet-1.mp3 in Resources */ = {isa = PBXBuildFile; fileRef = D7A262AB18F4326B00F12A75 /* water-droplet-1.mp3 */; };
		D7A262B418F43C3F00F12A75 /* tapOffScreen.png in Resources */ = {isa = PBXBuildFile; fileRef = D7A262B318F43C3E00F12A75 /* tapOffScreen.png */; };
		D7A262C118F4592600F12A75 /* Museo-300.otf in Resources */ = {isa = PBXBuildFile; fileRef = D7A262AD18F4373100F12A75 /* Museo-300.otf */; };
		D7A262C218F4592800F12A75 /* Museo-500.otf in Resources */ = {isa = PBXBuildFile; fileRef = D7A262AE18F4373100F12A75 /* Museo-500.otf */; };
		D7A262C318F4592A00F12A75 /* Museo-700.otf in Resources */ = {isa = PBXBuildFile; fileRef = D7A262AF18F4373100F12A75 /* Museo-700.otf */; };
		D7A262C518F45C6C00F12A75 /* scoresButton.png in Resources */ = {isa = PBXBuildFile; fileRef = D7A262C418F45C6C00F12A75 /* scoresButton.png */; };
		D7A262C818F4686700F12A75 /* player1TapButton.png in Resources */ = {isa = PBXBuildFile; fileRef = D7A262C618F4686700F12A75 /* player1TapButton.png */; };
		D7A262C918F4686700F12A75 /* player2TapButton.png in Resources */ = {isa = PBXBuildFile; fileRef = D7A262C718F4686700F12A75 /* player2TapButton.png */; };
		D7A5EA3B19112D7000DD722B /* Reachability.m in Sources */ = {isa = PBXBuildFile; fileRef = D7A5EA3A19112D7000DD722B /* Reachability.m */; };
		D7A5EA3D19112F5300DD722B /* launchScreen.png in Resources */ = {isa = PBXBuildFile; fileRef = D7A5EA3C19112F5300DD722B /* launchScreen.png */; };
		D7BC3E9218FC2CD4009B6334 /* HighScore.m in Sources */ = {isa = PBXBuildFile; fileRef = D7BC3E9118FC2CD4009B6334 /* HighScore.m */; };
		D7BC3E9518FC2E62009B6334 /* HighScoresViewController.m in Sources */ = {isa = PBXBuildFile; fileRef = D7BC3E9418FC2E62009B6334 /* HighScoresViewController.m */; };
		D7BC3E9718FC52C7009B6334 /* highScoresScreen.png in Resources */ = {isa = PBXBuildFile; fileRef = D7BC3E9618FC52C7009B6334 /* highScoresScreen.png */; };
		D7C814691901C70F00B3CD0B /* halfMarathonButton.png in Resources */ = {isa = PBXBuildFile; fileRef = D7C814661901C70F00B3CD0B /* halfMarathonButton.png */; };
		D7C8146A1901C70F00B3CD0B /* marathonButton.png in Resources */ = {isa = PBXBuildFile; fileRef = D7C814671901C70F00B3CD0B /* marathonButton.png */; };
		D7C8146B1901C70F00B3CD0B /* sprintButton.png in Resources */ = {isa = PBXBuildFile; fileRef = D7C814681901C70F00B3CD0B /* sprintButton.png */; };
		D7C8146D1901C7F500B3CD0B /* gameModesView.png in Resources */ = {isa = PBXBuildFile; fileRef = D7C8146C1901C7F500B3CD0B /* gameModesView.png */; };
		D7C8146F1902FFDB00B3CD0B /* iAd.framework in Frameworks */ = {isa = PBXBuildFile; fileRef = D7C8146E1902FFDB00B3CD0B /* iAd.framework */; };
		D7C8147219030DE100B3CD0B /* GlobalScore.m in Sources */ = {isa = PBXBuildFile; fileRef = D7C8147119030DE100B3CD0B /* GlobalScore.m */; };
		D7C8147519030DFA00B3CD0B /* GlobalScoreModel.m in Sources */ = {isa = PBXBuildFile; fileRef = D7C8147419030DFA00B3CD0B /* GlobalScoreModel.m */; };
/* End PBXBuildFile section */

/* Begin PBXContainerItemProxy section */
		B5970F0D18EB41B10096F6A3 /* PBXContainerItemProxy */ = {
			isa = PBXContainerItemProxy;
			containerPortal = B5970EDF18EB41B10096F6A3 /* Project object */;
			proxyType = 1;
			remoteGlobalIDString = B5970EE618EB41B10096F6A3;
			remoteInfo = TapCounter;
		};
/* End PBXContainerItemProxy section */

/* Begin PBXFileReference section */
		B50B247018EC535D006FC005 /* Model.xcdatamodel */ = {isa = PBXFileReference; lastKnownFileType = wrapper.xcdatamodel; path = Model.xcdatamodel; sourceTree = "<group>"; };
		B50B247918EC5A51006FC005 /* CoreData.framework */ = {isa = PBXFileReference; lastKnownFileType = wrapper.framework; name = CoreData.framework; path = System/Library/Frameworks/CoreData.framework; sourceTree = SDKROOT; };
		B50B247C18EC5CE1006FC005 /* Score.h */ = {isa = PBXFileReference; fileEncoding = 4; lastKnownFileType = sourcecode.c.h; path = Score.h; sourceTree = "<group>"; };
		B50B247D18EC5CE1006FC005 /* Score.m */ = {isa = PBXFileReference; fileEncoding = 4; lastKnownFileType = sourcecode.c.objc; path = Score.m; sourceTree = "<group>"; };
		B50B247F18ED9CE8006FC005 /* TapOffViewController.h */ = {isa = PBXFileReference; fileEncoding = 4; lastKnownFileType = sourcecode.c.h; path = TapOffViewController.h; sourceTree = "<group>"; };
		B50B248018ED9CE8006FC005 /* TapOffViewController.m */ = {isa = PBXFileReference; fileEncoding = 4; lastKnownFileType = sourcecode.c.objc; path = TapOffViewController.m; sourceTree = "<group>"; };
		B50B248218EDE748006FC005 /* icon120x120.png */ = {isa = PBXFileReference; lastKnownFileType = image.png; path = icon120x120.png; sourceTree = "<group>"; };
		B50B248618EDECBD006FC005 /* developerScreen.png */ = {isa = PBXFileReference; lastKnownFileType = image.png; path = developerScreen.png; sourceTree = "<group>"; };
		B50B248A18EDEEAF006FC005 /* MenuViewController.h */ = {isa = PBXFileReference; fileEncoding = 4; lastKnownFileType = sourcecode.c.h; path = MenuViewController.h; sourceTree = "<group>"; };
		B50B248B18EDEEAF006FC005 /* MenuViewController.m */ = {isa = PBXFileReference; fileEncoding = 4; lastKnownFileType = sourcecode.c.objc; path = MenuViewController.m; sourceTree = "<group>"; };
		B5970EE718EB41B10096F6A3 /* iTapper.app */ = {isa = PBXFileReference; explicitFileType = wrapper.application; includeInIndex = 0; path = iTapper.app; sourceTree = BUILT_PRODUCTS_DIR; };
		B5970EEA18EB41B10096F6A3 /* Foundation.framework */ = {isa = PBXFileReference; lastKnownFileType = wrapper.framework; name = Foundation.framework; path = System/Library/Frameworks/Foundation.framework; sourceTree = SDKROOT; };
		B5970EEC18EB41B10096F6A3 /* CoreGraphics.framework */ = {isa = PBXFileReference; lastKnownFileType = wrapper.framework; name = CoreGraphics.framework; path = System/Library/Frameworks/CoreGraphics.framework; sourceTree = SDKROOT; };
		B5970EEE18EB41B10096F6A3 /* UIKit.framework */ = {isa = PBXFileReference; lastKnownFileType = wrapper.framework; name = UIKit.framework; path = System/Library/Frameworks/UIKit.framework; sourceTree = SDKROOT; };
		B5970EF218EB41B10096F6A3 /* iTapper-Info.plist */ = {isa = PBXFileReference; lastKnownFileType = text.plist.xml; path = "iTapper-Info.plist"; sourceTree = "<group>"; };
		B5970EF418EB41B10096F6A3 /* en */ = {isa = PBXFileReference; lastKnownFileType = text.plist.strings; name = en; path = en.lproj/InfoPlist.strings; sourceTree = "<group>"; };
		B5970EF618EB41B10096F6A3 /* main.m */ = {isa = PBXFileReference; lastKnownFileType = sourcecode.c.objc; path = main.m; sourceTree = "<group>"; };
		B5970EF818EB41B10096F6A3 /* iTapper-Prefix.pch */ = {isa = PBXFileReference; lastKnownFileType = sourcecode.c.h; path = "iTapper-Prefix.pch"; sourceTree = "<group>"; };
		B5970EF918EB41B10096F6A3 /* AppDelegate.h */ = {isa = PBXFileReference; lastKnownFileType = sourcecode.c.h; path = AppDelegate.h; sourceTree = "<group>"; };
		B5970EFA18EB41B10096F6A3 /* AppDelegate.m */ = {isa = PBXFileReference; lastKnownFileType = sourcecode.c.objc; path = AppDelegate.m; sourceTree = "<group>"; };
		B5970EFD18EB41B10096F6A3 /* Base */ = {isa = PBXFileReference; lastKnownFileType = file.storyboard; name = Base; path = Base.lproj/Main.storyboard; sourceTree = "<group>"; };
		B5970EFF18EB41B10096F6A3 /* FastTapperViewController.h */ = {isa = PBXFileReference; lastKnownFileType = sourcecode.c.h; path = FastTapperViewController.h; sourceTree = "<group>"; };
		B5970F0018EB41B10096F6A3 /* FastTapperViewController.m */ = {isa = PBXFileReference; lastKnownFileType = sourcecode.c.objc; path = FastTapperViewController.m; sourceTree = "<group>"; };
		B5970F0218EB41B10096F6A3 /* Images.xcassets */ = {isa = PBXFileReference; lastKnownFileType = folder.assetcatalog; path = Images.xcassets; sourceTree = "<group>"; };
		B5970F0818EB41B10096F6A3 /* iTapperTests.xctest */ = {isa = PBXFileReference; explicitFileType = wrapper.cfbundle; includeInIndex = 0; path = iTapperTests.xctest; sourceTree = BUILT_PRODUCTS_DIR; };
		B5970F0918EB41B10096F6A3 /* XCTest.framework */ = {isa = PBXFileReference; lastKnownFileType = wrapper.framework; name = XCTest.framework; path = Library/Frameworks/XCTest.framework; sourceTree = DEVELOPER_DIR; };
		B5970F1118EB41B10096F6A3 /* iTapperTests-Info.plist */ = {isa = PBXFileReference; lastKnownFileType = text.plist.xml; path = "iTapperTests-Info.plist"; sourceTree = "<group>"; };
		B5970F1318EB41B10096F6A3 /* en */ = {isa = PBXFileReference; lastKnownFileType = text.plist.strings; name = en; path = en.lproj/InfoPlist.strings; sourceTree = "<group>"; };
		B5970F1518EB41B10096F6A3 /* TapCounterTests.m */ = {isa = PBXFileReference; lastKnownFileType = sourcecode.c.objc; path = TapCounterTests.m; sourceTree = "<group>"; };
		B5970F1F18EB48C50096F6A3 /* MainViewController.h */ = {isa = PBXFileReference; fileEncoding = 4; lastKnownFileType = sourcecode.c.h; path = MainViewController.h; sourceTree = "<group>"; };
		B5970F2018EB48C50096F6A3 /* MainViewController.m */ = {isa = PBXFileReference; fileEncoding = 4; lastKnownFileType = sourcecode.c.objc; path = MainViewController.m; sourceTree = "<group>"; };
		D718130718F88A140043D339 /* settingsBtn.png */ = {isa = PBXFileReference; lastKnownFileType = image.png; path = settingsBtn.png; sourceTree = "<group>"; };
		D7204175190725C0008F512A /* menuScreen320x480.png */ = {isa = PBXFileReference; lastKnownFileType = image.png; path = menuScreen320x480.png; sourceTree = "<group>"; };
		D720417C190800C9008F512A /* tapOffScreen320x480.png */ = {isa = PBXFileReference; lastKnownFileType = image.png; path = tapOffScreen320x480.png; sourceTree = "<group>"; };
		D720417E19080FD1008F512A /* developerScreen320x480.png */ = {isa = PBXFileReference; lastKnownFileType = image.png; path = developerScreen320x480.png; sourceTree = "<group>"; };
		D720417F19080FD1008F512A /* launchScreen320x480.png */ = {isa = PBXFileReference; lastKnownFileType = image.png; path = launchScreen320x480.png; sourceTree = "<group>"; };
		D7204183190813E5008F512A /* developerScreen640x960.png */ = {isa = PBXFileReference; lastKnownFileType = image.png; path = developerScreen640x960.png; sourceTree = "<group>"; };
		D7204184190813E5008F512A /* launchScreen640x960.png */ = {isa = PBXFileReference; lastKnownFileType = image.png; path = launchScreen640x960.png; sourceTree = "<group>"; };
		D7204185190813E5008F512A /* menuScreen640x960.png */ = {isa = PBXFileReference; lastKnownFileType = image.png; path = menuScreen640x960.png; sourceTree = "<group>"; };
		D7204186190813E5008F512A /* tapOffScreen640x960.png */ = {isa = PBXFileReference; lastKnownFileType = image.png; path = tapOffScreen640x960.png; sourceTree = "<group>"; };
		D720418B19081936008F512A /* iTapperIcon29.png */ = {isa = PBXFileReference; lastKnownFileType = image.png; path = iTapperIcon29.png; sourceTree = "<group>"; };
		D720418C19081936008F512A /* iTapperIcon57.png */ = {isa = PBXFileReference; lastKnownFileType = image.png; path = iTapperIcon57.png; sourceTree = "<group>"; };
		D720418D19081936008F512A /* iTapperIcon58.png */ = {isa = PBXFileReference; lastKnownFileType = image.png; path = iTapperIcon58.png; sourceTree = "<group>"; };
		D720418E19081936008F512A /* iTapperIcon80.png */ = {isa = PBXFileReference; lastKnownFileType = image.png; path = iTapperIcon80.png; sourceTree = "<group>"; };
		D720418F19081936008F512A /* iTapperIcon114.png */ = {isa = PBXFileReference; lastKnownFileType = image.png; path = iTapperIcon114.png; sourceTree = "<group>"; };
		D722705C18F0A93E00BAEF80 /* beep-07.mp3 */ = {isa = PBXFileReference; lastKnownFileType = audio.mp3; path = "beep-07.mp3"; sourceTree = "<group>"; };
		D72E11B118F0C6F400B4F1E0 /* LaunchViewController.h */ = {isa = PBXFileReference; fileEncoding = 4; lastKnownFileType = sourcecode.c.h; path = LaunchViewController.h; sourceTree = "<group>"; };
		D72E11B218F0C6F400B4F1E0 /* LaunchViewController.m */ = {isa = PBXFileReference; fileEncoding = 4; lastKnownFileType = sourcecode.c.objc; path = LaunchViewController.m; sourceTree = "<group>"; };
		D7477568191315C0003D49F5 /* GameKit.framework */ = {isa = PBXFileReference; lastKnownFileType = wrapper.framework; name = GameKit.framework; path = System/Library/Frameworks/GameKit.framework; sourceTree = SDKROOT; };
		D747756B191315F9003D49F5 /* GameKitHelper.h */ = {isa = PBXFileReference; fileEncoding = 4; lastKnownFileType = sourcecode.c.h; path = GameKitHelper.h; sourceTree = "<group>"; };
		D747756C191315F9003D49F5 /* GameKitHelper.m */ = {isa = PBXFileReference; fileEncoding = 4; lastKnownFileType = sourcecode.c.objc; path = GameKitHelper.m; sourceTree = "<group>"; };
		D76A7DF118F0B64100D35291 /* AVFoundation.framework */ = {isa = PBXFileReference; lastKnownFileType = wrapper.framework; name = AVFoundation.framework; path = System/Library/Frameworks/AVFoundation.framework; sourceTree = SDKROOT; };
		D7859D5918F49A00005EE4D7 /* startButton.png */ = {isa = PBXFileReference; lastKnownFileType = image.png; path = startButton.png; sourceTree = "<group>"; };
		D7859D5B18F4A152005EE4D7 /* tapButton.png */ = {isa = PBXFileReference; lastKnownFileType = image.png; path = tapButton.png; sourceTree = "<group>"; };
		D788D37518FDBBF500317938 /* fastTapperScreen.png */ = {isa = PBXFileReference; lastKnownFileType = image.png; path = fastTapperScreen.png; sourceTree = "<group>"; };
		D788D37718FDEED600317938 /* resultsView.png */ = {isa = PBXFileReference; lastKnownFileType = image.png; path = resultsView.png; sourceTree = "<group>"; };
		D7904A4D1901661200DE850E /* CurrentUser.h */ = {isa = PBXFileReference; fileEncoding = 4; lastKnownFileType = sourcecode.c.h; path = CurrentUser.h; sourceTree = "<group>"; };
		D7904A4E1901661200DE850E /* CurrentUser.m */ = {isa = PBXFileReference; fileEncoding = 4; lastKnownFileType = sourcecode.c.objc; path = CurrentUser.m; sourceTree = "<group>"; };
		D7904A50190166C800DE850E /* CurrentUserModel.h */ = {isa = PBXFileReference; fileEncoding = 4; lastKnownFileType = sourcecode.c.h; path = CurrentUserModel.h; sourceTree = "<group>"; };
		D7904A51190166C800DE850E /* CurrentUserModel.m */ = {isa = PBXFileReference; fileEncoding = 4; lastKnownFileType = sourcecode.c.objc; path = CurrentUserModel.m; sourceTree = "<group>"; };
		D7A262A118F4307E00F12A75 /* fastTapperButton.png */ = {isa = PBXFileReference; lastKnownFileType = image.png; path = fastTapperButton.png; sourceTree = "<group>"; };
		D7A262A218F4307E00F12A75 /* launchScreen-568h.png */ = {isa = PBXFileReference; lastKnownFileType = image.png; path = "launchScreen-568h.png"; sourceTree = "<group>"; };
		D7A262A318F4307E00F12A75 /* menuScreen.png */ = {isa = PBXFileReference; lastKnownFileType = image.png; path = menuScreen.png; sourceTree = "<group>"; };
		D7A262A518F4307E00F12A75 /* tapOffButton.png */ = {isa = PBXFileReference; lastKnownFileType = image.png; path = tapOffButton.png; sourceTree = "<group>"; };
		D7A262AB18F4326B00F12A75 /* water-droplet-1.mp3 */ = {isa = PBXFileReference; lastKnownFileType = audio.mp3; path = "water-droplet-1.mp3"; sourceTree = "<group>"; };
		D7A262AD18F4373100F12A75 /* Museo-300.otf */ = {isa = PBXFileReference; lastKnownFileType = file; path = "Museo-300.otf"; sourceTree = "<group>"; };
		D7A262AE18F4373100F12A75 /* Museo-500.otf */ = {isa = PBXFileReference; lastKnownFileType = file; path = "Museo-500.otf"; sourceTree = "<group>"; };
		D7A262AF18F4373100F12A75 /* Museo-700.otf */ = {isa = PBXFileReference; lastKnownFileType = file; path = "Museo-700.otf"; sourceTree = "<group>"; };
		D7A262B318F43C3E00F12A75 /* tapOffScreen.png */ = {isa = PBXFileReference; lastKnownFileType = image.png; path = tapOffScreen.png; sourceTree = "<group>"; };
		D7A262C418F45C6C00F12A75 /* scoresButton.png */ = {isa = PBXFileReference; lastKnownFileType = image.png; path = scoresButton.png; sourceTree = "<group>"; };
		D7A262C618F4686700F12A75 /* player1TapButton.png */ = {isa = PBXFileReference; lastKnownFileType = image.png; path = player1TapButton.png; sourceTree = "<group>"; };
		D7A262C718F4686700F12A75 /* player2TapButton.png */ = {isa = PBXFileReference; lastKnownFileType = image.png; path = player2TapButton.png; sourceTree = "<group>"; };
		D7A5EA3919112D7000DD722B /* Reachability.h */ = {isa = PBXFileReference; fileEncoding = 4; lastKnownFileType = sourcecode.c.h; path = Reachability.h; sourceTree = "<group>"; };
		D7A5EA3A19112D7000DD722B /* Reachability.m */ = {isa = PBXFileReference; fileEncoding = 4; lastKnownFileType = sourcecode.c.objc; path = Reachability.m; sourceTree = "<group>"; };
		D7A5EA3C19112F5300DD722B /* launchScreen.png */ = {isa = PBXFileReference; lastKnownFileType = image.png; path = launchScreen.png; sourceTree = "<group>"; };
		D7BC3E9018FC2CD4009B6334 /* HighScore.h */ = {isa = PBXFileReference; fileEncoding = 4; lastKnownFileType = sourcecode.c.h; path = HighScore.h; sourceTree = "<group>"; };
		D7BC3E9118FC2CD4009B6334 /* HighScore.m */ = {isa = PBXFileReference; fileEncoding = 4; lastKnownFileType = sourcecode.c.objc; path = HighScore.m; sourceTree = "<group>"; };
		D7BC3E9318FC2E61009B6334 /* HighScoresViewController.h */ = {isa = PBXFileReference; fileEncoding = 4; lastKnownFileType = sourcecode.c.h; path = HighScoresViewController.h; sourceTree = "<group>"; };
		D7BC3E9418FC2E62009B6334 /* HighScoresViewController.m */ = {isa = PBXFileReference; fileEncoding = 4; lastKnownFileType = sourcecode.c.objc; path = HighScoresViewController.m; sourceTree = "<group>"; };
		D7BC3E9618FC52C7009B6334 /* highScoresScreen.png */ = {isa = PBXFileReference; lastKnownFileType = image.png; path = highScoresScreen.png; sourceTree = "<group>"; };
		D7C814661901C70F00B3CD0B /* halfMarathonButton.png */ = {isa = PBXFileReference; lastKnownFileType = image.png; path = halfMarathonButton.png; sourceTree = "<group>"; };
		D7C814671901C70F00B3CD0B /* marathonButton.png */ = {isa = PBXFileReference; lastKnownFileType = image.png; path = marathonButton.png; sourceTree = "<group>"; };
		D7C814681901C70F00B3CD0B /* sprintButton.png */ = {isa = PBXFileReference; lastKnownFileType = image.png; path = sprintButton.png; sourceTree = "<group>"; };
		D7C8146C1901C7F500B3CD0B /* gameModesView.png */ = {isa = PBXFileReference; lastKnownFileType = image.png; path = gameModesView.png; sourceTree = "<group>"; };
		D7C8146E1902FFDB00B3CD0B /* iAd.framework */ = {isa = PBXFileReference; lastKnownFileType = wrapper.framework; name = iAd.framework; path = System/Library/Frameworks/iAd.framework; sourceTree = SDKROOT; };
		D7C8147019030DE100B3CD0B /* GlobalScore.h */ = {isa = PBXFileReference; fileEncoding = 4; lastKnownFileType = sourcecode.c.h; path = GlobalScore.h; sourceTree = "<group>"; };
		D7C8147119030DE100B3CD0B /* GlobalScore.m */ = {isa = PBXFileReference; fileEncoding = 4; lastKnownFileType = sourcecode.c.objc; path = GlobalScore.m; sourceTree = "<group>"; };
		D7C8147319030DFA00B3CD0B /* GlobalScoreModel.h */ = {isa = PBXFileReference; fileEncoding = 4; lastKnownFileType = sourcecode.c.h; path = GlobalScoreModel.h; sourceTree = "<group>"; };
		D7C8147419030DFA00B3CD0B /* GlobalScoreModel.m */ = {isa = PBXFileReference; fileEncoding = 4; lastKnownFileType = sourcecode.c.objc; path = GlobalScoreModel.m; sourceTree = "<group>"; };
/* End PBXFileReference section */

/* Begin PBXFrameworksBuildPhase section */
		B5970EE418EB41B10096F6A3 /* Frameworks */ = {
			isa = PBXFrameworksBuildPhase;
			buildActionMask = 2147483647;
			files = (
				D7C8146F1902FFDB00B3CD0B /* iAd.framework in Frameworks */,
				D76A7DF218F0B64100D35291 /* AVFoundation.framework in Frameworks */,
				D7477569191315C0003D49F5 /* GameKit.framework in Frameworks */,
				B50B247A18EC5A51006FC005 /* CoreData.framework in Frameworks */,
				B5970EED18EB41B10096F6A3 /* CoreGraphics.framework in Frameworks */,
				B5970EEF18EB41B10096F6A3 /* UIKit.framework in Frameworks */,
				B5970EEB18EB41B10096F6A3 /* Foundation.framework in Frameworks */,
			);
			runOnlyForDeploymentPostprocessing = 0;
		};
		B5970F0518EB41B10096F6A3 /* Frameworks */ = {
			isa = PBXFrameworksBuildPhase;
			buildActionMask = 2147483647;
			files = (
				B5970F0A18EB41B10096F6A3 /* XCTest.framework in Frameworks */,
				B5970F0C18EB41B10096F6A3 /* UIKit.framework in Frameworks */,
				B5970F0B18EB41B10096F6A3 /* Foundation.framework in Frameworks */,
			);
			runOnlyForDeploymentPostprocessing = 0;
		};
/* End PBXFrameworksBuildPhase section */

/* Begin PBXGroup section */
		B50B247518EC53B1006FC005 /* Data */ = {
			isa = PBXGroup;
			children = (
				D7904A4D1901661200DE850E /* CurrentUser.h */,
				D7904A4E1901661200DE850E /* CurrentUser.m */,
				D7C8147019030DE100B3CD0B /* GlobalScore.h */,
				D7C8147119030DE100B3CD0B /* GlobalScore.m */,
				D7BC3E9018FC2CD4009B6334 /* HighScore.h */,
				D7BC3E9118FC2CD4009B6334 /* HighScore.m */,
			);
			name = Data;
			sourceTree = "<group>";
		};
		B50B247B18EC5CB4006FC005 /* Models */ = {
			isa = PBXGroup;
			children = (
				D7904A50190166C800DE850E /* CurrentUserModel.h */,
				D7904A51190166C800DE850E /* CurrentUserModel.m */,
				D7C8147319030DFA00B3CD0B /* GlobalScoreModel.h */,
				D7C8147419030DFA00B3CD0B /* GlobalScoreModel.m */,
				B50B247C18EC5CE1006FC005 /* Score.h */,
				B50B247D18EC5CE1006FC005 /* Score.m */,
			);
			name = Models;
			sourceTree = "<group>";
		};
		B5970EDE18EB41B10096F6A3 = {
			isa = PBXGroup;
			children = (
				B5970EFC18EB41B10096F6A3 /* Main.storyboard */,
				B50B246F18EC535D006FC005 /* Model.xcdatamodeld */,
				B5970EF018EB41B10096F6A3 /* TapCounter */,
				B5970F0F18EB41B10096F6A3 /* TapCounterTests */,
				B5970EE918EB41B10096F6A3 /* Frameworks */,
				B5970EE818EB41B10096F6A3 /* Products */,
			);
			sourceTree = "<group>";
		};
		B5970EE818EB41B10096F6A3 /* Products */ = {
			isa = PBXGroup;
			children = (
				B5970EE718EB41B10096F6A3 /* iTapper.app */,
				B5970F0818EB41B10096F6A3 /* iTapperTests.xctest */,
			);
			name = Products;
			sourceTree = "<group>";
		};
		B5970EE918EB41B10096F6A3 /* Frameworks */ = {
			isa = PBXGroup;
			children = (
				D7477568191315C0003D49F5 /* GameKit.framework */,
				D7C8146E1902FFDB00B3CD0B /* iAd.framework */,
				D76A7DF118F0B64100D35291 /* AVFoundation.framework */,
				B50B247918EC5A51006FC005 /* CoreData.framework */,
				B5970EEA18EB41B10096F6A3 /* Foundation.framework */,
				B5970EEC18EB41B10096F6A3 /* CoreGraphics.framework */,
				B5970EEE18EB41B10096F6A3 /* UIKit.framework */,
				B5970F0918EB41B10096F6A3 /* XCTest.framework */,
			);
			name = Frameworks;
			sourceTree = "<group>";
		};
		B5970EF018EB41B10096F6A3 /* TapCounter */ = {
			isa = PBXGroup;
			children = (
				D747756A191315E8003D49F5 /* GameKit */,
				D7A5EA3819112D5E00DD722B /* Utilities */,
				B50B247B18EC5CB4006FC005 /* Models */,
				B50B247518EC53B1006FC005 /* Data */,
				B5970EF918EB41B10096F6A3 /* AppDelegate.h */,
				B5970EFA18EB41B10096F6A3 /* AppDelegate.m */,
				B5970EFF18EB41B10096F6A3 /* FastTapperViewController.h */,
				B5970F0018EB41B10096F6A3 /* FastTapperViewController.m */,
				D7BC3E9318FC2E61009B6334 /* HighScoresViewController.h */,
				D7BC3E9418FC2E62009B6334 /* HighScoresViewController.m */,
				D72E11B118F0C6F400B4F1E0 /* LaunchViewController.h */,
				D72E11B218F0C6F400B4F1E0 /* LaunchViewController.m */,
				B5970F1F18EB48C50096F6A3 /* MainViewController.h */,
				B5970F2018EB48C50096F6A3 /* MainViewController.m */,
				B50B248A18EDEEAF006FC005 /* MenuViewController.h */,
				B50B248B18EDEEAF006FC005 /* MenuViewController.m */,
				B50B247F18ED9CE8006FC005 /* TapOffViewController.h */,
				B50B248018ED9CE8006FC005 /* TapOffViewController.m */,
				B5970F0218EB41B10096F6A3 /* Images.xcassets */,
				B5970EF118EB41B10096F6A3 /* Supporting Files */,
			);
			path = TapCounter;
			sourceTree = "<group>";
		};
		B5970EF118EB41B10096F6A3 /* Supporting Files */ = {
			isa = PBXGroup;
			children = (
				D7A262B018F4373900F12A75 /* Fonts */,
				D7A262B118F4374300F12A75 /* Images */,
				D7A262B218F4374F00F12A75 /* Music */,
				B5970EF218EB41B10096F6A3 /* iTapper-Info.plist */,
				B5970EF318EB41B10096F6A3 /* InfoPlist.strings */,
				B5970EF618EB41B10096F6A3 /* main.m */,
				B5970EF818EB41B10096F6A3 /* iTapper-Prefix.pch */,
			);
			name = "Supporting Files";
			sourceTree = "<group>";
		};
		B5970F0F18EB41B10096F6A3 /* TapCounterTests */ = {
			isa = PBXGroup;
			children = (
				B5970F1518EB41B10096F6A3 /* TapCounterTests.m */,
				B5970F1018EB41B10096F6A3 /* Supporting Files */,
			);
			path = TapCounterTests;
			sourceTree = "<group>";
		};
		B5970F1018EB41B10096F6A3 /* Supporting Files */ = {
			isa = PBXGroup;
			children = (
				B5970F1118EB41B10096F6A3 /* iTapperTests-Info.plist */,
				B5970F1218EB41B10096F6A3 /* InfoPlist.strings */,
			);
			name = "Supporting Files";
			sourceTree = "<group>";
		};
		D7204178190725E7008F512A /* 320x480 */ = {
			isa = PBXGroup;
			children = (
				D720417E19080FD1008F512A /* developerScreen320x480.png */,
				D720417F19080FD1008F512A /* launchScreen320x480.png */,
				D7204175190725C0008F512A /* menuScreen320x480.png */,
				D720417C190800C9008F512A /* tapOffScreen320x480.png */,
			);
			name = 320x480;
			sourceTree = "<group>";
		};
		D7204182190813E5008F512A /* 640x960 */ = {
			isa = PBXGroup;
			children = (
				D7204183190813E5008F512A /* developerScreen640x960.png */,
				D7204184190813E5008F512A /* launchScreen640x960.png */,
				D7204185190813E5008F512A /* menuScreen640x960.png */,
				D7204186190813E5008F512A /* tapOffScreen640x960.png */,
			);
			path = 640x960;
			sourceTree = "<group>";
		};
		D747756A191315E8003D49F5 /* GameKit */ = {
			isa = PBXGroup;
			children = (
				D747756B191315F9003D49F5 /* GameKitHelper.h */,
				D747756C191315F9003D49F5 /* GameKitHelper.m */,
			);
			name = GameKit;
			sourceTree = "<group>";
		};
		D7A262B018F4373900F12A75 /* Fonts */ = {
			isa = PBXGroup;
			children = (
				D7A262AD18F4373100F12A75 /* Museo-300.otf */,
				D7A262AE18F4373100F12A75 /* Museo-500.otf */,
				D7A262AF18F4373100F12A75 /* Museo-700.otf */,
			);
			name = Fonts;
			sourceTree = "<group>";
		};
		D7A262B118F4374300F12A75 /* Images */ = {
			isa = PBXGroup;
			children = (
				D7A5EA3C19112F5300DD722B /* launchScreen.png */,
				D7204178190725E7008F512A /* 320x480 */,
				D7204182190813E5008F512A /* 640x960 */,
				B50B248618EDECBD006FC005 /* developerScreen.png */,
				D7A262A118F4307E00F12A75 /* fastTapperButton.png */,
				D788D37518FDBBF500317938 /* fastTapperScreen.png */,
				D7C8146C1901C7F500B3CD0B /* gameModesView.png */,
				D7C814661901C70F00B3CD0B /* halfMarathonButton.png */,
				D7BC3E9618FC52C7009B6334 /* highScoresScreen.png */,
				B50B248218EDE748006FC005 /* icon120x120.png */,
				D720418B19081936008F512A /* iTapperIcon29.png */,
				D720418C19081936008F512A /* iTapperIcon57.png */,
				D720418D19081936008F512A /* iTapperIcon58.png */,
				D720418E19081936008F512A /* iTapperIcon80.png */,
				D720418F19081936008F512A /* iTapperIcon114.png */,
				D7A262A218F4307E00F12A75 /* launchScreen-568h.png */,
				D7C814671901C70F00B3CD0B /* marathonButton.png */,
				D7A262A318F4307E00F12A75 /* menuScreen.png */,
				D7A262C618F4686700F12A75 /* player1TapButton.png */,
				D7A262C718F4686700F12A75 /* player2TapButton.png */,
				D788D37718FDEED600317938 /* resultsView.png */,
				D7A262C418F45C6C00F12A75 /* scoresButton.png */,
				D718130718F88A140043D339 /* settingsBtn.png */,
				D7C814681901C70F00B3CD0B /* sprintButton.png */,
				D7859D5918F49A00005EE4D7 /* startButton.png */,
				D7859D5B18F4A152005EE4D7 /* tapButton.png */,
				D7A262A518F4307E00F12A75 /* tapOffButton.png */,
				D7A262B318F43C3E00F12A75 /* tapOffScreen.png */,
			);
			name = Images;
			sourceTree = "<group>";
		};
		D7A262B218F4374F00F12A75 /* Music */ = {
			isa = PBXGroup;
			children = (
				D722705C18F0A93E00BAEF80 /* beep-07.mp3 */,
				D7A262AB18F4326B00F12A75 /* water-droplet-1.mp3 */,
			);
			name = Music;
			sourceTree = "<group>";
		};
		D7A5EA3819112D5E00DD722B /* Utilities */ = {
			isa = PBXGroup;
			children = (
				D7A5EA3919112D7000DD722B /* Reachability.h */,
				D7A5EA3A19112D7000DD722B /* Reachability.m */,
			);
			name = Utilities;
			sourceTree = "<group>";
		};
/* End PBXGroup section */

/* Begin PBXNativeTarget section */
		B5970EE618EB41B10096F6A3 /* iTapper */ = {
			isa = PBXNativeTarget;
			buildConfigurationList = B5970F1918EB41B10096F6A3 /* Build configuration list for PBXNativeTarget "iTapper" */;
			buildPhases = (
				B5970EE318EB41B10096F6A3 /* Sources */,
				B5970EE418EB41B10096F6A3 /* Frameworks */,
				B5970EE518EB41B10096F6A3 /* Resources */,
			);
			buildRules = (
			);
			dependencies = (
			);
			name = iTapper;
			productName = TapCounter;
			productReference = B5970EE718EB41B10096F6A3 /* iTapper.app */;
			productType = "com.apple.product-type.application";
		};
		B5970F0718EB41B10096F6A3 /* iTapperTests */ = {
			isa = PBXNativeTarget;
			buildConfigurationList = B5970F1C18EB41B10096F6A3 /* Build configuration list for PBXNativeTarget "iTapperTests" */;
			buildPhases = (
				B5970F0418EB41B10096F6A3 /* Sources */,
				B5970F0518EB41B10096F6A3 /* Frameworks */,
				B5970F0618EB41B10096F6A3 /* Resources */,
			);
			buildRules = (
			);
			dependencies = (
				B5970F0E18EB41B10096F6A3 /* PBXTargetDependency */,
			);
			name = iTapperTests;
			productName = TapCounterTests;
			productReference = B5970F0818EB41B10096F6A3 /* iTapperTests.xctest */;
			productType = "com.apple.product-type.bundle.unit-test";
		};
/* End PBXNativeTarget section */

/* Begin PBXProject section */
		B5970EDF18EB41B10096F6A3 /* Project object */ = {
			isa = PBXProject;
			attributes = {
				LastUpgradeCheck = 0510;
				ORGANIZATIONNAME = appguys.biz;
				TargetAttributes = {
					B5970EE618EB41B10096F6A3 = {
						DevelopmentTeam = 7M8NZ564F4;
						SystemCapabilities = {
							com.apple.GameCenter = {
								enabled = 1;
							};
						};
					};
					B5970F0718EB41B10096F6A3 = {
						TestTargetID = B5970EE618EB41B10096F6A3;
					};
				};
			};
			buildConfigurationList = B5970EE218EB41B10096F6A3 /* Build configuration list for PBXProject "iTapper" */;
			compatibilityVersion = "Xcode 3.2";
			developmentRegion = English;
			hasScannedForEncodings = 0;
			knownRegions = (
				en,
				Base,
			);
			mainGroup = B5970EDE18EB41B10096F6A3;
			productRefGroup = B5970EE818EB41B10096F6A3 /* Products */;
			projectDirPath = "";
			projectRoot = "";
			targets = (
				B5970EE618EB41B10096F6A3 /* iTapper */,
				B5970F0718EB41B10096F6A3 /* iTapperTests */,
			);
		};
/* End PBXProject section */

/* Begin PBXResourcesBuildPhase section */
		B5970EE518EB41B10096F6A3 /* Resources */ = {
			isa = PBXResourcesBuildPhase;
			buildActionMask = 2147483647;
			files = (
				D7859D5A18F49A00005EE4D7 /* startButton.png in Resources */,
				D7A262A818F4307E00F12A75 /* menuScreen.png in Resources */,
				D720419419081936008F512A /* iTapperIcon114.png in Resources */,
				D7204176190725C0008F512A /* menuScreen320x480.png in Resources */,
				D7A262C218F4592800F12A75 /* Museo-500.otf in Resources */,
				D7A262AC18F4326B00F12A75 /* water-droplet-1.mp3 in Resources */,
				B5970F0318EB41B10096F6A3 /* Images.xcassets in Resources */,
				D720419219081936008F512A /* iTapperIcon58.png in Resources */,
				D7C8146D1901C7F500B3CD0B /* gameModesView.png in Resources */,
				D788D37618FDBBF500317938 /* fastTapperScreen.png in Resources */,
				D7A262C518F45C6C00F12A75 /* scoresButton.png in Resources */,
				D7A262A618F4307E00F12A75 /* fastTapperButton.png in Resources */,
				D7BC3E9718FC52C7009B6334 /* highScoresScreen.png in Resources */,
				D720418A190813E5008F512A /* tapOffScreen640x960.png in Resources */,
				B50B248318EDE748006FC005 /* icon120x120.png in Resources */,
				D7A262C818F4686700F12A75 /* player1TapButton.png in Resources */,
				D7A262AA18F4307E00F12A75 /* tapOffButton.png in Resources */,
				D720418119080FD1008F512A /* launchScreen320x480.png in Resources */,
				D722705D18F0A93E00BAEF80 /* beep-07.mp3 in Resources */,
				D720419319081936008F512A /* iTapperIcon80.png in Resources */,
				D7204188190813E5008F512A /* launchScreen640x960.png in Resources */,
				B5970EF518EB41B10096F6A3 /* InfoPlist.strings in Resources */,
				D7A262C318F4592A00F12A75 /* Museo-700.otf in Resources */,
				D7C8146A1901C70F00B3CD0B /* marathonButton.png in Resources */,
				D7204189190813E5008F512A /* menuScreen640x960.png in Resources */,
				D720419119081936008F512A /* iTapperIcon57.png in Resources */,
				D788D37818FDEED600317938 /* resultsView.png in Resources */,
				D7A262B418F43C3F00F12A75 /* tapOffScreen.png in Resources */,
				D720418019080FD1008F512A /* developerScreen320x480.png in Resources */,
				D7A262C918F4686700F12A75 /* player2TapButton.png in Resources */,
				B50B248818EDECBD006FC005 /* developerScreen.png in Resources */,
				D718130818F88A140043D339 /* settingsBtn.png in Resources */,
				D720417D190800C9008F512A /* tapOffScreen320x480.png in Resources */,
				D7A262A718F4307E00F12A75 /* launchScreen-568h.png in Resources */,
				D7C8146B1901C70F00B3CD0B /* sprintButton.png in Resources */,
				D7C814691901C70F00B3CD0B /* halfMarathonButton.png in Resources */,
				D7859D5C18F4A152005EE4D7 /* tapButton.png in Resources */,
				D720419019081936008F512A /* iTapperIcon29.png in Resources */,
				D7A5EA3D19112F5300DD722B /* launchScreen.png in Resources */,
				D7A262C118F4592600F12A75 /* Museo-300.otf in Resources */,
				D7204187190813E5008F512A /* developerScreen640x960.png in Resources */,
				B5970EFE18EB41B10096F6A3 /* Main.storyboard in Resources */,
			);
			runOnlyForDeploymentPostprocessing = 0;
		};
		B5970F0618EB41B10096F6A3 /* Resources */ = {
			isa = PBXResourcesBuildPhase;
			buildActionMask = 2147483647;
			files = (
				B5970F1418EB41B10096F6A3 /* InfoPlist.strings in Resources */,
			);
			runOnlyForDeploymentPostprocessing = 0;
		};
/* End PBXResourcesBuildPhase section */

/* Begin PBXSourcesBuildPhase section */
		B5970EE318EB41B10096F6A3 /* Sources */ = {
			isa = PBXSourcesBuildPhase;
			buildActionMask = 2147483647;
			files = (
				D7C8147519030DFA00B3CD0B /* GlobalScoreModel.m in Sources */,
				D7BC3E9218FC2CD4009B6334 /* HighScore.m in Sources */,
				D7C8147219030DE100B3CD0B /* GlobalScore.m in Sources */,
				B50B248118ED9CE8006FC005 /* TapOffViewController.m in Sources */,
				B50B248C18EDEEAF006FC005 /* MenuViewController.m in Sources */,
				B5970F0118EB41B10096F6A3 /* FastTapperViewController.m in Sources */,
				D72E11B318F0C6F400B4F1E0 /* LaunchViewController.m in Sources */,
				B5970EFB18EB41B10096F6A3 /* AppDelegate.m in Sources */,
				D7904A4F1901661200DE850E /* CurrentUser.m in Sources */,
				B50B247118EC535D006FC005 /* Model.xcdatamodeld in Sources */,
				D747756D191315F9003D49F5 /* GameKitHelper.m in Sources */,
				D7A5EA3B19112D7000DD722B /* Reachability.m in Sources */,
				D7BC3E9518FC2E62009B6334 /* HighScoresViewController.m in Sources */,
				B5970EF718EB41B10096F6A3 /* main.m in Sources */,
				B50B247E18EC5CE1006FC005 /* Score.m in Sources */,
				B5970F2118EB48C50096F6A3 /* MainViewController.m in Sources */,
				D7904A52190166C800DE850E /* CurrentUserModel.m in Sources */,
			);
			runOnlyForDeploymentPostprocessing = 0;
		};
		B5970F0418EB41B10096F6A3 /* Sources */ = {
			isa = PBXSourcesBuildPhase;
			buildActionMask = 2147483647;
			files = (
				B5970F1618EB41B10096F6A3 /* TapCounterTests.m in Sources */,
			);
			runOnlyForDeploymentPostprocessing = 0;
		};
/* End PBXSourcesBuildPhase section */

/* Begin PBXTargetDependency section */
		B5970F0E18EB41B10096F6A3 /* PBXTargetDependency */ = {
			isa = PBXTargetDependency;
			target = B5970EE618EB41B10096F6A3 /* iTapper */;
			targetProxy = B5970F0D18EB41B10096F6A3 /* PBXContainerItemProxy */;
		};
/* End PBXTargetDependency section */

/* Begin PBXVariantGroup section */
		B5970EF318EB41B10096F6A3 /* InfoPlist.strings */ = {
			isa = PBXVariantGroup;
			children = (
				B5970EF418EB41B10096F6A3 /* en */,
			);
			name = InfoPlist.strings;
			sourceTree = "<group>";
		};
		B5970EFC18EB41B10096F6A3 /* Main.storyboard */ = {
			isa = PBXVariantGroup;
			children = (
				B5970EFD18EB41B10096F6A3 /* Base */,
			);
			name = Main.storyboard;
			path = TapCounter;
			sourceTree = "<group>";
		};
		B5970F1218EB41B10096F6A3 /* InfoPlist.strings */ = {
			isa = PBXVariantGroup;
			children = (
				B5970F1318EB41B10096F6A3 /* en */,
			);
			name = InfoPlist.strings;
			sourceTree = "<group>";
		};
/* End PBXVariantGroup section */

/* Begin XCBuildConfiguration section */
		B5970F1718EB41B10096F6A3 /* Debug */ = {
			isa = XCBuildConfiguration;
			buildSettings = {
				ALWAYS_SEARCH_USER_PATHS = NO;
				CLANG_CXX_LANGUAGE_STANDARD = "gnu++0x";
				CLANG_CXX_LIBRARY = "libc++";
				CLANG_ENABLE_MODULES = YES;
				CLANG_ENABLE_OBJC_ARC = YES;
				CLANG_WARN_BOOL_CONVERSION = YES;
				CLANG_WARN_CONSTANT_CONVERSION = YES;
				CLANG_WARN_DIRECT_OBJC_ISA_USAGE = YES_ERROR;
				CLANG_WARN_EMPTY_BODY = YES;
				CLANG_WARN_ENUM_CONVERSION = YES;
				CLANG_WARN_INT_CONVERSION = YES;
				CLANG_WARN_OBJC_ROOT_CLASS = YES_ERROR;
				CLANG_WARN__DUPLICATE_METHOD_MATCH = YES;
				"CODE_SIGN_IDENTITY[sdk=iphoneos*]" = "iPhone Developer";
				COPY_PHASE_STRIP = NO;
				GCC_C_LANGUAGE_STANDARD = gnu99;
				GCC_DYNAMIC_NO_PIC = NO;
				GCC_OPTIMIZATION_LEVEL = 0;
				GCC_PREPROCESSOR_DEFINITIONS = (
					"DEBUG=1",
					"$(inherited)",
				);
				GCC_SYMBOLS_PRIVATE_EXTERN = NO;
				GCC_WARN_64_TO_32_BIT_CONVERSION = YES;
				GCC_WARN_ABOUT_RETURN_TYPE = YES_ERROR;
				GCC_WARN_UNDECLARED_SELECTOR = YES;
				GCC_WARN_UNINITIALIZED_AUTOS = YES_AGGRESSIVE;
				GCC_WARN_UNUSED_FUNCTION = YES;
				GCC_WARN_UNUSED_VARIABLE = YES;
				IPHONEOS_DEPLOYMENT_TARGET = 7.1;
				ONLY_ACTIVE_ARCH = YES;
				SDKROOT = iphoneos;
			};
			name = Debug;
		};
		B5970F1818EB41B10096F6A3 /* Release */ = {
			isa = XCBuildConfiguration;
			buildSettings = {
				ALWAYS_SEARCH_USER_PATHS = NO;
				CLANG_CXX_LANGUAGE_STANDARD = "gnu++0x";
				CLANG_CXX_LIBRARY = "libc++";
				CLANG_ENABLE_MODULES = YES;
				CLANG_ENABLE_OBJC_ARC = YES;
				CLANG_WARN_BOOL_CONVERSION = YES;
				CLANG_WARN_CONSTANT_CONVERSION = YES;
				CLANG_WARN_DIRECT_OBJC_ISA_USAGE = YES_ERROR;
				CLANG_WARN_EMPTY_BODY = YES;
				CLANG_WARN_ENUM_CONVERSION = YES;
				CLANG_WARN_INT_CONVERSION = YES;
				CLANG_WARN_OBJC_ROOT_CLASS = YES_ERROR;
				CLANG_WARN__DUPLICATE_METHOD_MATCH = YES;
				"CODE_SIGN_IDENTITY[sdk=iphoneos*]" = "iPhone Developer";
				COPY_PHASE_STRIP = YES;
				ENABLE_NS_ASSERTIONS = NO;
				GCC_C_LANGUAGE_STANDARD = gnu99;
				GCC_WARN_64_TO_32_BIT_CONVERSION = YES;
				GCC_WARN_ABOUT_RETURN_TYPE = YES_ERROR;
				GCC_WARN_UNDECLARED_SELECTOR = YES;
				GCC_WARN_UNINITIALIZED_AUTOS = YES_AGGRESSIVE;
				GCC_WARN_UNUSED_FUNCTION = YES;
				GCC_WARN_UNUSED_VARIABLE = YES;
				IPHONEOS_DEPLOYMENT_TARGET = 7.1;
				SDKROOT = iphoneos;
				VALIDATE_PRODUCT = YES;
			};
			name = Release;
		};
		B5970F1A18EB41B10096F6A3 /* Debug */ = {
			isa = XCBuildConfiguration;
			buildSettings = {
				ASSETCATALOG_COMPILER_APPICON_NAME = "AppIcon-2";
				ASSETCATALOG_COMPILER_LAUNCHIMAGE_NAME = LaunchImage;
				CODE_SIGN_IDENTITY = "iPhone Developer";
				"CODE_SIGN_IDENTITY[sdk=iphoneos*]" = "iPhone Developer";
				GCC_PRECOMPILE_PREFIX_HEADER = YES;
				GCC_PREFIX_HEADER = "TapCounter/iTapper-Prefix.pch";
				INFOPLIST_FILE = "TapCounter/iTapper-Info.plist";
				IPHONEOS_DEPLOYMENT_TARGET = 6.0;
				PRODUCT_NAME = iTapper;
				PROVISIONING_PROFILE = "";
				TARGETED_DEVICE_FAMILY = 1;
				WRAPPER_EXTENSION = app;
			};
			name = Debug;
		};
		B5970F1B18EB41B10096F6A3 /* Release */ = {
			isa = XCBuildConfiguration;
			buildSettings = {
				ASSETCATALOG_COMPILER_APPICON_NAME = "AppIcon-2";
				ASSETCATALOG_COMPILER_LAUNCHIMAGE_NAME = LaunchImage;
				CODE_SIGN_IDENTITY = "iPhone Developer";
				"CODE_SIGN_IDENTITY[sdk=iphoneos*]" = "iPhone Developer";
				GCC_PRECOMPILE_PREFIX_HEADER = YES;
				GCC_PREFIX_HEADER = "TapCounter/iTapper-Prefix.pch";
				INFOPLIST_FILE = "TapCounter/iTapper-Info.plist";
				IPHONEOS_DEPLOYMENT_TARGET = 6.0;
				PRODUCT_NAME = iTapper;
				PROVISIONING_PROFILE = "";
				TARGETED_DEVICE_FAMILY = 1;
				WRAPPER_EXTENSION = app;
			};
			name = Release;
		};
		B5970F1D18EB41B10096F6A3 /* Debug */ = {
			isa = XCBuildConfiguration;
			buildSettings = {
				BUNDLE_LOADER = "$(BUILT_PRODUCTS_DIR)/TapCounter.app/TapCounter";
				FRAMEWORK_SEARCH_PATHS = (
					"$(SDKROOT)/Developer/Library/Frameworks",
					"$(inherited)",
					"$(DEVELOPER_FRAMEWORKS_DIR)",
				);
				GCC_PRECOMPILE_PREFIX_HEADER = YES;
				GCC_PREFIX_HEADER = "TapCounter/TapCounter-Prefix.pch";
				GCC_PREPROCESSOR_DEFINITIONS = (
					"DEBUG=1",
					"$(inherited)",
				);
				INFOPLIST_FILE = "TapCounterTests/iTapperTests-Info.plist";
				PRODUCT_NAME = iTapperTests;
				TEST_HOST = "$(BUNDLE_LOADER)";
				WRAPPER_EXTENSION = xctest;
			};
			name = Debug;
		};
		B5970F1E18EB41B10096F6A3 /* Release */ = {
			isa = XCBuildConfiguration;
			buildSettings = {
				BUNDLE_LOADER = "$(BUILT_PRODUCTS_DIR)/TapCounter.app/TapCounter";
				FRAMEWORK_SEARCH_PATHS = (
					"$(SDKROOT)/Developer/Library/Frameworks",
					"$(inherited)",
					"$(DEVELOPER_FRAMEWORKS_DIR)",
				);
				GCC_PRECOMPILE_PREFIX_HEADER = YES;
				GCC_PREFIX_HEADER = "TapCounter/TapCounter-Prefix.pch";
				INFOPLIST_FILE = "TapCounterTests/iTapperTests-Info.plist";
				PRODUCT_NAME = iTapperTests;
				TEST_HOST = "$(BUNDLE_LOADER)";
				WRAPPER_EXTENSION = xctest;
			};
			name = Release;
		};
/* End XCBuildConfiguration section */

/* Begin XCConfigurationList section */
		B5970EE218EB41B10096F6A3 /* Build configuration list for PBXProject "iTapper" */ = {
			isa = XCConfigurationList;
			buildConfigurations = (
				B5970F1718EB41B10096F6A3 /* Debug */,
				B5970F1818EB41B10096F6A3 /* Release */,
			);
			defaultConfigurationIsVisible = 0;
			defaultConfigurationName = Release;
		};
		B5970F1918EB41B10096F6A3 /* Build configuration list for PBXNativeTarget "iTapper" */ = {
			isa = XCConfigurationList;
			buildConfigurations = (
				B5970F1A18EB41B10096F6A3 /* Debug */,
				B5970F1B18EB41B10096F6A3 /* Release */,
			);
			defaultConfigurationIsVisible = 0;
			defaultConfigurationName = Release;
		};
		B5970F1C18EB41B10096F6A3 /* Build configuration list for PBXNativeTarget "iTapperTests" */ = {
			isa = XCConfigurationList;
			buildConfigurations = (
				B5970F1D18EB41B10096F6A3 /* Debug */,
				B5970F1E18EB41B10096F6A3 /* Release */,
			);
			defaultConfigurationIsVisible = 0;
			defaultConfigurationName = Release;
		};
/* End XCConfigurationList section */

/* Begin XCVersionGroup section */
		B50B246F18EC535D006FC005 /* Model.xcdatamodeld */ = {
			isa = XCVersionGroup;
			children = (
				B50B247018EC535D006FC005 /* Model.xcdatamodel */,
			);
			currentVersion = B50B247018EC535D006FC005 /* Model.xcdatamodel */;
			name = Model.xcdatamodeld;
			path = TapCounter/Model.xcdatamodeld;
			sourceTree = "<group>";
			versionGroupType = wrapper.xcdatamodel;
		};
/* End XCVersionGroup section */
	};
	rootObject = B5970EDF18EB41B10096F6A3 /* Project object */;
}
